
Microsoft Visual Studio Solution File, Format Version 12.00
# Visual Studio Version 17
VisualStudioVersion = 17.9.34616.47
MinimumVisualStudioVersion = 10.0.40219.1
Project("{9A19103F-16F7-4668-BE54-9A1E7A4F7556}") = "EventServices.API", "EventService.API\EventServices.API.csproj", "{71CD4E9B-673B-42E2-9E22-FA2D52A85BE3}"
EndProject
Project("{9A19103F-16F7-4668-BE54-9A1E7A4F7556}") = "EventServices.Application", "EventService.Application\EventServices.Application.csproj", "{0A9CF3CC-B223-4C35-819C-2DB1DB42D264}"
EndProject
Project("{9A19103F-16F7-4668-BE54-9A1E7A4F7556}") = "EventServices.Domain", "EventService.Domain\EventServices.Domain.csproj", "{5AB3FCF1-403D-492E-85FC-AEF53D8CE5AF}"
EndProject
Project("{9A19103F-16F7-4668-BE54-9A1E7A4F7556}") = "EventServices.Infrastructure", "EventService.Infrastructure\EventServices.Infrastructure.csproj", "{796EA26D-1D34-4C3D-96E4-8E1FB0732A18}"
EndProject
Global
	GlobalSection(SolutionConfigurationPlatforms) = preSolution
		Debug|Any CPU = Debug|Any CPU
		Release|Any CPU = Release|Any CPU
	EndGlobalSection
	GlobalSection(ProjectConfigurationPlatforms) = postSolution
		{71CD4E9B-673B-42E2-9E22-FA2D52A85BE3}.Debug|Any CPU.ActiveCfg = Debug|Any CPU
		{71CD4E9B-673B-42E2-9E22-FA2D52A85BE3}.Debug|Any CPU.Build.0 = Debug|Any CPU
		{71CD4E9B-673B-42E2-9E22-FA2D52A85BE3}.Release|Any CPU.ActiveCfg = Release|Any CPU
		{71CD4E9B-673B-42E2-9E22-FA2D52A85BE3}.Release|Any CPU.Build.0 = Release|Any CPU
		{0A9CF3CC-B223-4C35-819C-2DB1DB42D264}.Debug|Any CPU.ActiveCfg = Debug|Any CPU
		{0A9CF3CC-B223-4C35-819C-2DB1DB42D264}.Debug|Any CPU.Build.0 = Debug|Any CPU
		{0A9CF3CC-B223-4C35-819C-2DB1DB42D264}.Release|Any CPU.ActiveCfg = Release|Any CPU
		{0A9CF3CC-B223-4C35-819C-2DB1DB42D264}.Release|Any CPU.Build.0 = Release|Any CPU
		{5AB3FCF1-403D-492E-85FC-AEF53D8CE5AF}.Debug|Any CPU.ActiveCfg = Debug|Any CPU
		{5AB3FCF1-403D-492E-85FC-AEF53D8CE5AF}.Debug|Any CPU.Build.0 = Debug|Any CPU
		{5AB3FCF1-403D-492E-85FC-AEF53D8CE5AF}.Release|Any CPU.ActiveCfg = Release|Any CPU
		{5AB3FCF1-403D-492E-85FC-AEF53D8CE5AF}.Release|Any CPU.Build.0 = Release|Any CPU
		{796EA26D-1D34-4C3D-96E4-8E1FB0732A18}.Debug|Any CPU.ActiveCfg = Debug|Any CPU
		{796EA26D-1D34-4C3D-96E4-8E1FB0732A18}.Debug|Any CPU.Build.0 = Debug|Any CPU
		{796EA26D-1D34-4C3D-96E4-8E1FB0732A18}.Release|Any CPU.ActiveCfg = Release|Any CPU
		{796EA26D-1D34-4C3D-96E4-8E1FB0732A18}.Release|Any CPU.Build.0 = Release|Any CPU
	EndGlobalSection
	GlobalSection(SolutionProperties) = preSolution
		HideSolutionNode = FALSE
	EndGlobalSection
	GlobalSection(ExtensibilityGlobals) = postSolution
		SolutionGuid = {22D0A675-DDD0-4A2D-8F40-00A5D816A302}
	EndGlobalSection
EndGlobal
